Microsoft Visual Studio Solution File, Format Version 12.00
# Visual Studio 2013
Project("{8BC9CEB8-8B4A-11D0-8D11-00A0C91BC942}") = "ALL_BUILD", "ALL_BUILD.vcxproj", "{3374E62C-EF2E-44BC-A8A0-5FA73A082E19}"
	ProjectSection(ProjectDependencies) = postProject
		{F7CC36D9-AD56-405A-8BE0-895CE7702A8A} = {F7CC36D9-AD56-405A-8BE0-895CE7702A8A}
		{28BEF9FC-BBA8-4EF0-8695-1A85B2C6B296} = {28BEF9FC-BBA8-4EF0-8695-1A85B2C6B296}
		{798E71E5-A6CB-4F1C-A4F5-C031C3BB93CE} = {798E71E5-A6CB-4F1C-A4F5-C031C3BB93CE}
		{57814538-DE20-4AA7-B151-3D4814C842C6} = {57814538-DE20-4AA7-B151-3D4814C842C6}
		{78216A70-44B3-452D-8666-0F566C98B319} = {78216A70-44B3-452D-8666-0F566C98B319}
		{9DD466F9-C69F-49E8-A4A3-C05AE3AC001A} = {9DD466F9-C69F-49E8-A4A3-C05AE3AC001A}
		{1319F757-0406-48A4-B431-C999253D5AFB} = {1319F757-0406-48A4-B431-C999253D5AFB}
		{6F2F312F-6CB7-42F2-980C-8D44F30C9C81} = {6F2F312F-6CB7-42F2-980C-8D44F30C9C81}
		{4E21537F-3084-4453-8389-5439A8C98AEE} = {4E21537F-3084-4453-8389-5439A8C98AEE}
		{2BF88A5B-2FBC-45F9-A498-972DC64947FF} = {2BF88A5B-2FBC-45F9-A498-972DC64947FF}
		{E9CE17D2-3B98-4C19-BC5F-10B1F236E501} = {E9CE17D2-3B98-4C19-BC5F-10B1F236E501}
		{70845653-E892-4690-9227-B4E06C3EC587} = {70845653-E892-4690-9227-B4E06C3EC587}
		{C2CD793C-B489-490D-84EB-81FBC8868D61} = {C2CD793C-B489-490D-84EB-81FBC8868D61}
		{15D82A21-15A4-4742-8432-000AB2C37E44} = {15D82A21-15A4-4742-8432-000AB2C37E44}
		{B3A49555-291D-4DF4-B89D-742AAC077DF9} = {B3A49555-291D-4DF4-B89D-742AAC077DF9}
		{8F2C0B7F-FFA4-4AF0-9B67-7AD806DC5C7F} = {8F2C0B7F-FFA4-4AF0-9B67-7AD806DC5C7F}
		{DAAD0F65-1079-4A94-A0E3-8D40A671BA12} = {DAAD0F65-1079-4A94-A0E3-8D40A671BA12}
		{EC0B8F20-7357-4966-9353-82DBC107CEE4} = {EC0B8F20-7357-4966-9353-82DBC107CEE4}
		{94E5CF28-3B95-4C18-B959-3677BB44C200} = {94E5CF28-3B95-4C18-B959-3677BB44C200}
		{6E2E9398-4A44-49F7-93CE-18217CCE8DFB} = {6E2E9398-4A44-49F7-93CE-18217CCE8DFB}
		{85970D9F-3EF6-4C90-AA5E-6BDFA4DAC14D} = {85970D9F-3EF6-4C90-AA5E-6BDFA4DAC14D}
		{B965FD51-4A6B-4596-AA48-A1EE9AAC9E82} = {B965FD51-4A6B-4596-AA48-A1EE9AAC9E82}
		{3FA4452E-5FC9-4997-AC73-143ECA58C61A} = {3FA4452E-5FC9-4997-AC73-143ECA58C61A}
		{D3FA5787-88B5-4DBE-91C6-7A529EEB3B1F} = {D3FA5787-88B5-4DBE-91C6-7A529EEB3B1F}
		{4C5B2765-F560-408A-BECD-61A69609F050} = {4C5B2765-F560-408A-BECD-61A69609F050}
	EndProjectSection
EndProject
Project("{8BC9CEB8-8B4A-11D0-8D11-00A0C91BC942}") = "CallbackMaker", "CallbackMaker.vcxproj", "{F7CC36D9-AD56-405A-8BE0-895CE7702A8A}"
	ProjectSection(ProjectDependencies) = postProject
		{C2CD793C-B489-490D-84EB-81FBC8868D61} = {C2CD793C-B489-490D-84EB-81FBC8868D61}
		{15D82A21-15A4-4742-8432-000AB2C37E44} = {15D82A21-15A4-4742-8432-000AB2C37E44}
	EndProjectSection
EndProject
Project("{8BC9CEB8-8B4A-11D0-8D11-00A0C91BC942}") = "CallbackMaker_static", "CallbackMaker_static.vcxproj", "{28BEF9FC-BBA8-4EF0-8695-1A85B2C6B296}"
	ProjectSection(ProjectDependencies) = postProject
		{C2CD793C-B489-490D-84EB-81FBC8868D61} = {C2CD793C-B489-490D-84EB-81FBC8868D61}
		{B3A49555-291D-4DF4-B89D-742AAC077DF9} = {B3A49555-291D-4DF4-B89D-742AAC077DF9}
	EndProjectSection
EndProject
Project("{8BC9CEB8-8B4A-11D0-8D11-00A0C91BC942}") = "Fractals", "Fractals.vcxproj", "{798E71E5-A6CB-4F1C-A4F5-C031C3BB93CE}"
	ProjectSection(ProjectDependencies) = postProject
		{C2CD793C-B489-490D-84EB-81FBC8868D61} = {C2CD793C-B489-490D-84EB-81FBC8868D61}
		{15D82A21-15A4-4742-8432-000AB2C37E44} = {15D82A21-15A4-4742-8432-000AB2C37E44}
	EndProjectSection
EndProject
Project("{8BC9CEB8-8B4A-11D0-8D11-00A0C91BC942}") = "Fractals_random", "Fractals_random.vcxproj", "{57814538-DE20-4AA7-B151-3D4814C842C6}"
	ProjectSection(ProjectDependencies) = postProject
		{C2CD793C-B489-490D-84EB-81FBC8868D61} = {C2CD793C-B489-490D-84EB-81FBC8868D61}
		{15D82A21-15A4-4742-8432-000AB2C37E44} = {15D82A21-15A4-4742-8432-000AB2C37E44}
	EndProjectSection
EndProject
Project("{8BC9CEB8-8B4A-11D0-8D11-00A0C91BC942}") = "Fractals_random_static", "Fractals_random_static.vcxproj", "{78216A70-44B3-452D-8666-0F566C98B319}"
	ProjectSection(ProjectDependencies) = postProject
		{C2CD793C-B489-490D-84EB-81FBC8868D61} = {C2CD793C-B489-490D-84EB-81FBC8868D61}
		{B3A49555-291D-4DF4-B89D-742AAC077DF9} = {B3A49555-291D-4DF4-B89D-742AAC077DF9}
	EndProjectSection
EndProject
Project("{8BC9CEB8-8B4A-11D0-8D11-00A0C91BC942}") = "Fractals_static", "Fractals_static.vcxproj", "{9DD466F9-C69F-49E8-A4A3-C05AE3AC001A}"
	ProjectSection(ProjectDependencies) = postProject
		{C2CD793C-B489-490D-84EB-81FBC8868D61} = {C2CD793C-B489-490D-84EB-81FBC8868D61}
		{B3A49555-291D-4DF4-B89D-742AAC077DF9} = {B3A49555-291D-4DF4-B89D-742AAC077DF9}
	EndProjectSection
EndProject
Project("{8BC9CEB8-8B4A-11D0-8D11-00A0C91BC942}") = "INSTALL", "INSTALL.vcxproj", "{C6EFDCAE-D1F6-4672-BE7D-339703DC2A6A}"
	ProjectSection(ProjectDependencies) = postProject
		{3374E62C-EF2E-44BC-A8A0-5FA73A082E19} = {3374E62C-EF2E-44BC-A8A0-5FA73A082E19}
	EndProjectSection
EndProject
Project("{8BC9CEB8-8B4A-11D0-8D11-00A0C91BC942}") = "Lorenz", "Lorenz.vcxproj", "{1319F757-0406-48A4-B431-C999253D5AFB}"
	ProjectSection(ProjectDependencies) = postProject
		{C2CD793C-B489-490D-84EB-81FBC8868D61} = {C2CD793C-B489-490D-84EB-81FBC8868D61}
		{15D82A21-15A4-4742-8432-000AB2C37E44} = {15D82A21-15A4-4742-8432-000AB2C37E44}
	EndProjectSection
EndProject
Project("{8BC9CEB8-8B4A-11D0-8D11-00A0C91BC942}") = "Lorenz_static", "Lorenz_static.vcxproj", "{6F2F312F-6CB7-42F2-980C-8D44F30C9C81}"
	ProjectSection(ProjectDependencies) = postProject
		{C2CD793C-B489-490D-84EB-81FBC8868D61} = {C2CD793C-B489-490D-84EB-81FBC8868D61}
		{B3A49555-291D-4DF4-B89D-742AAC077DF9} = {B3A49555-291D-4DF4-B89D-742AAC077DF9}
	EndProjectSection
EndProject
Project("{8BC9CEB8-8B4A-11D0-8D11-00A0C91BC942}") = "One", "One.vcxproj", "{4E21537F-3084-4453-8389-5439A8C98AEE}"
	ProjectSection(ProjectDependencies) = postProject
		{C2CD793C-B489-490D-84EB-81FBC8868D61} = {C2CD793C-B489-490D-84EB-81FBC8868D61}
		{15D82A21-15A4-4742-8432-000AB2C37E44} = {15D82A21-15A4-4742-8432-000AB2C37E44}
	EndProjectSection
EndProject
Project("{8BC9CEB8-8B4A-11D0-8D11-00A0C91BC942}") = "One_static", "One_static.vcxproj", "{2BF88A5B-2FBC-45F9-A498-972DC64947FF}"
	ProjectSection(ProjectDependencies) = postProject
		{C2CD793C-B489-490D-84EB-81FBC8868D61} = {C2CD793C-B489-490D-84EB-81FBC8868D61}
		{B3A49555-291D-4DF4-B89D-742AAC077DF9} = {B3A49555-291D-4DF4-B89D-742AAC077DF9}
	EndProjectSection
EndProject
Project("{8BC9CEB8-8B4A-11D0-8D11-00A0C91BC942}") = "Resizer", "Resizer.vcxproj", "{E9CE17D2-3B98-4C19-BC5F-10B1F236E501}"
	ProjectSection(ProjectDependencies) = postProject
		{C2CD793C-B489-490D-84EB-81FBC8868D61} = {C2CD793C-B489-490D-84EB-81FBC8868D61}
		{15D82A21-15A4-4742-8432-000AB2C37E44} = {15D82A21-15A4-4742-8432-000AB2C37E44}
	EndProjectSection
EndProject
Project("{8BC9CEB8-8B4A-11D0-8D11-00A0C91BC942}") = "Resizer_static", "Resizer_static.vcxproj", "{70845653-E892-4690-9227-B4E06C3EC587}"
	ProjectSection(ProjectDependencies) = postProject
		{C2CD793C-B489-490D-84EB-81FBC8868D61} = {C2CD793C-B489-490D-84EB-81FBC8868D61}
		{B3A49555-291D-4DF4-B89D-742AAC077DF9} = {B3A49555-291D-4DF4-B89D-742AAC077DF9}
	EndProjectSection
EndProject
Project("{8BC9CEB8-8B4A-11D0-8D11-00A0C91BC942}") = "ZERO_CHECK", "ZERO_CHECK.vcxproj", "{C2CD793C-B489-490D-84EB-81FBC8868D61}"
	ProjectSection(ProjectDependencies) = postProject
	EndProjectSection
EndProject
Project("{8BC9CEB8-8B4A-11D0-8D11-00A0C91BC942}") = "freeglut", "freeglut.vcxproj", "{15D82A21-15A4-4742-8432-000AB2C37E44}"
	ProjectSection(ProjectDependencies) = postProject
		{C2CD793C-B489-490D-84EB-81FBC8868D61} = {C2CD793C-B489-490D-84EB-81FBC8868D61}
	EndProjectSection
EndProject
Project("{8BC9CEB8-8B4A-11D0-8D11-00A0C91BC942}") = "freeglut_static", "freeglut_static.vcxproj", "{B3A49555-291D-4DF4-B89D-742AAC077DF9}"
	ProjectSection(ProjectDependencies) = postProject
		{C2CD793C-B489-490D-84EB-81FBC8868D61} = {C2CD793C-B489-490D-84EB-81FBC8868D61}
	EndProjectSection
EndProject
Project("{8BC9CEB8-8B4A-11D0-8D11-00A0C91BC942}") = "multi-touch", "multi-touch.vcxproj", "{8F2C0B7F-FFA4-4AF0-9B67-7AD806DC5C7F}"
	ProjectSection(ProjectDependencies) = postProject
		{C2CD793C-B489-490D-84EB-81FBC8868D61} = {C2CD793C-B489-490D-84EB-81FBC8868D61}
		{15D82A21-15A4-4742-8432-000AB2C37E44} = {15D82A21-15A4-4742-8432-000AB2C37E44}
	EndProjectSection
EndProject
Project("{8BC9CEB8-8B4A-11D0-8D11-00A0C91BC942}") = "multi-touch_static", "multi-touch_static.vcxproj", "{DAAD0F65-1079-4A94-A0E3-8D40A671BA12}"
	ProjectSection(ProjectDependencies) = postProject
		{C2CD793C-B489-490D-84EB-81FBC8868D61} = {C2CD793C-B489-490D-84EB-81FBC8868D61}
		{B3A49555-291D-4DF4-B89D-742AAC077DF9} = {B3A49555-291D-4DF4-B89D-742AAC077DF9}
	EndProjectSection
EndProject
Project("{8BC9CEB8-8B4A-11D0-8D11-00A0C91BC942}") = "shapes", "shapes.vcxproj", "{EC0B8F20-7357-4966-9353-82DBC107CEE4}"
	ProjectSection(ProjectDependencies) = postProject
		{C2CD793C-B489-490D-84EB-81FBC8868D61} = {C2CD793C-B489-490D-84EB-81FBC8868D61}
		{15D82A21-15A4-4742-8432-000AB2C37E44} = {15D82A21-15A4-4742-8432-000AB2C37E44}
	EndProjectSection
EndProject
Project("{8BC9CEB8-8B4A-11D0-8D11-00A0C91BC942}") = "shapes_static", "shapes_static.vcxproj", "{94E5CF28-3B95-4C18-B959-3677BB44C200}"
	ProjectSection(ProjectDependencies) = postProject
		{C2CD793C-B489-490D-84EB-81FBC8868D61} = {C2CD793C-B489-490D-84EB-81FBC8868D61}
		{B3A49555-291D-4DF4-B89D-742AAC077DF9} = {B3A49555-291D-4DF4-B89D-742AAC077DF9}
	EndProjectSection
EndProject
Project("{8BC9CEB8-8B4A-11D0-8D11-00A0C91BC942}") = "smooth_opengl3", "smooth_opengl3.vcxproj", "{6E2E9398-4A44-49F7-93CE-18217CCE8DFB}"
	ProjectSection(ProjectDependencies) = postProject
		{C2CD793C-B489-490D-84EB-81FBC8868D61} = {C2CD793C-B489-490D-84EB-81FBC8868D61}
		{15D82A21-15A4-4742-8432-000AB2C37E44} = {15D82A21-15A4-4742-8432-000AB2C37E44}
	EndProjectSection
EndProject
Project("{8BC9CEB8-8B4A-11D0-8D11-00A0C91BC942}") = "smooth_opengl3_static", "smooth_opengl3_static.vcxproj", "{85970D9F-3EF6-4C90-AA5E-6BDFA4DAC14D}"
	ProjectSection(ProjectDependencies) = postProject
		{C2CD793C-B489-490D-84EB-81FBC8868D61} = {C2CD793C-B489-490D-84EB-81FBC8868D61}
		{B3A49555-291D-4DF4-B89D-742AAC077DF9} = {B3A49555-291D-4DF4-B89D-742AAC077DF9}
	EndProjectSection
EndProject
Project("{8BC9CEB8-8B4A-11D0-8D11-00A0C91BC942}") = "subwin", "subwin.vcxproj", "{B965FD51-4A6B-4596-AA48-A1EE9AAC9E82}"
	ProjectSection(ProjectDependencies) = postProject
		{C2CD793C-B489-490D-84EB-81FBC8868D61} = {C2CD793C-B489-490D-84EB-81FBC8868D61}
		{15D82A21-15A4-4742-8432-000AB2C37E44} = {15D82A21-15A4-4742-8432-000AB2C37E44}
	EndProjectSection
EndProject
Project("{8BC9CEB8-8B4A-11D0-8D11-00A0C91BC942}") = "subwin_static", "subwin_static.vcxproj", "{3FA4452E-5FC9-4997-AC73-143ECA58C61A}"
	ProjectSection(ProjectDependencies) = postProject
		{C2CD793C-B489-490D-84EB-81FBC8868D61} = {C2CD793C-B489-490D-84EB-81FBC8868D61}
		{B3A49555-291D-4DF4-B89D-742AAC077DF9} = {B3A49555-291D-4DF4-B89D-742AAC077DF9}
	EndProjectSection
EndProject
Project("{8BC9CEB8-8B4A-11D0-8D11-00A0C91BC942}") = "timer", "timer.vcxproj", "{D3FA5787-88B5-4DBE-91C6-7A529EEB3B1F}"
	ProjectSection(ProjectDependencies) = postProject
		{C2CD793C-B489-490D-84EB-81FBC8868D61} = {C2CD793C-B489-490D-84EB-81FBC8868D61}
		{15D82A21-15A4-4742-8432-000AB2C37E44} = {15D82A21-15A4-4742-8432-000AB2C37E44}
	EndProjectSection
EndProject
Project("{8BC9CEB8-8B4A-11D0-8D11-00A0C91BC942}") = "timer_static", "timer_static.vcxproj", "{4C5B2765-F560-408A-BECD-61A69609F050}"
	ProjectSection(ProjectDependencies) = postProject
		{C2CD793C-B489-490D-84EB-81FBC8868D61} = {C2CD793C-B489-490D-84EB-81FBC8868D61}
		{B3A49555-291D-4DF4-B89D-742AAC077DF9} = {B3A49555-291D-4DF4-B89D-742AAC077DF9}
	EndProjectSection
EndProject
Global
	GlobalSection(SolutionConfigurationPlatforms) = preSolution
		Debug|Win32 = Debug|Win32
		Release|Win32 = Release|Win32
		MinSizeRel|Win32 = MinSizeRel|Win32
		RelWithDebInfo|Win32 = RelWithDebInfo|Win32
	EndGlobalSection
	GlobalSection(ProjectConfigurationPlatforms) = postSolution
		{3374E62C-EF2E-44BC-A8A0-5FA73A082E19}.Debug|Win32.ActiveCfg = Debug|Win32
		{3374E62C-EF2E-44BC-A8A0-5FA73A082E19}.Debug|Win32.Build.0 = Debug|Win32
		{3374E62C-EF2E-44BC-A8A0-5FA73A082E19}.Release|Win32.ActiveCfg = Release|Win32
		{3374E62C-EF2E-44BC-A8A0-5FA73A082E19}.Release|Win32.Build.0 = Release|Win32
		{3374E62C-EF2E-44BC-A8A0-5FA73A082E19}.MinSizeRel|Win32.ActiveCfg = MinSizeRel|Win32
		{3374E62C-EF2E-44BC-A8A0-5FA73A082E19}.MinSizeRel|Win32.Build.0 = MinSizeRel|Win32
		{3374E62C-EF2E-44BC-A8A0-5FA73A082E19}.RelWithDebInfo|Win32.ActiveCfg = RelWithDebInfo|Win32
		{3374E62C-EF2E-44BC-A8A0-5FA73A082E19}.RelWithDebInfo|Win32.Build.0 = RelWithDebInfo|Win32
		{F7CC36D9-AD56-405A-8BE0-895CE7702A8A}.Debug|Win32.ActiveCfg = Debug|Win32
		{F7CC36D9-AD56-405A-8BE0-895CE7702A8A}.Debug|Win32.Build.0 = Debug|Win32
		{F7CC36D9-AD56-405A-8BE0-895CE7702A8A}.Release|Win32.ActiveCfg = Release|Win32
		{F7CC36D9-AD56-405A-8BE0-895CE7702A8A}.Release|Win32.Build.0 = Release|Win32
		{F7CC36D9-AD56-405A-8BE0-895CE7702A8A}.MinSizeRel|Win32.ActiveCfg = MinSizeRel|Win32
		{F7CC36D9-AD56-405A-8BE0-895CE7702A8A}.MinSizeRel|Win32.Build.0 = MinSizeRel|Win32
		{F7CC36D9-AD56-405A-8BE0-895CE7702A8A}.RelWithDebInfo|Win32.ActiveCfg = RelWithDebInfo|Win32
		{F7CC36D9-AD56-405A-8BE0-895CE7702A8A}.RelWithDebInfo|Win32.Build.0 = RelWithDebInfo|Win32
		{28BEF9FC-BBA8-4EF0-8695-1A85B2C6B296}.Debug|Win32.ActiveCfg = Debug|Win32
		{28BEF9FC-BBA8-4EF0-8695-1A85B2C6B296}.Debug|Win32.Build.0 = Debug|Win32
		{28BEF9FC-BBA8-4EF0-8695-1A85B2C6B296}.Release|Win32.ActiveCfg = Release|Win32
		{28BEF9FC-BBA8-4EF0-8695-1A85B2C6B296}.Release|Win32.Build.0 = Release|Win32
		{28BEF9FC-BBA8-4EF0-8695-1A85B2C6B296}.MinSizeRel|Win32.ActiveCfg = MinSizeRel|Win32
		{28BEF9FC-BBA8-4EF0-8695-1A85B2C6B296}.MinSizeRel|Win32.Build.0 = MinSizeRel|Win32
		{28BEF9FC-BBA8-4EF0-8695-1A85B2C6B296}.RelWithDebInfo|Win32.ActiveCfg = RelWithDebInfo|Win32
		{28BEF9FC-BBA8-4EF0-8695-1A85B2C6B296}.RelWithDebInfo|Win32.Build.0 = RelWithDebInfo|Win32
		{798E71E5-A6CB-4F1C-A4F5-C031C3BB93CE}.Debug|Win32.ActiveCfg = Debug|Win32
		{798E71E5-A6CB-4F1C-A4F5-C031C3BB93CE}.Debug|Win32.Build.0 = Debug|Win32
		{798E71E5-A6CB-4F1C-A4F5-C031C3BB93CE}.Release|Win32.ActiveCfg = Release|Win32
		{798E71E5-A6CB-4F1C-A4F5-C031C3BB93CE}.Release|Win32.Build.0 = Release|Win32
		{798E71E5-A6CB-4F1C-A4F5-C031C3BB93CE}.MinSizeRel|Win32.ActiveCfg = MinSizeRel|Win32
		{798E71E5-A6CB-4F1C-A4F5-C031C3BB93CE}.MinSizeRel|Win32.Build.0 = MinSizeRel|Win32
		{798E71E5-A6CB-4F1C-A4F5-C031C3BB93CE}.RelWithDebInfo|Win32.ActiveCfg = RelWithDebInfo|Win32
		{798E71E5-A6CB-4F1C-A4F5-C031C3BB93CE}.RelWithDebInfo|Win32.Build.0 = RelWithDebInfo|Win32
		{57814538-DE20-4AA7-B151-3D4814C842C6}.Debug|Win32.ActiveCfg = Debug|Win32
		{57814538-DE20-4AA7-B151-3D4814C842C6}.Debug|Win32.Build.0 = Debug|Win32
		{57814538-DE20-4AA7-B151-3D4814C842C6}.Release|Win32.ActiveCfg = Release|Win32
		{57814538-DE20-4AA7-B151-3D4814C842C6}.Release|Win32.Build.0 = Release|Win32
		{57814538-DE20-4AA7-B151-3D4814C842C6}.MinSizeRel|Win32.ActiveCfg = MinSizeRel|Win32
		{57814538-DE20-4AA7-B151-3D4814C842C6}.MinSizeRel|Win32.Build.0 = MinSizeRel|Win32
		{57814538-DE20-4AA7-B151-3D4814C842C6}.RelWithDebInfo|Win32.ActiveCfg = RelWithDebInfo|Win32
		{57814538-DE20-4AA7-B151-3D4814C842C6}.RelWithDebInfo|Win32.Build.0 = RelWithDebInfo|Win32
		{78216A70-44B3-452D-8666-0F566C98B319}.Debug|Win32.ActiveCfg = Debug|Win32
		{78216A70-44B3-452D-8666-0F566C98B319}.Debug|Win32.Build.0 = Debug|Win32
		{78216A70-44B3-452D-8666-0F566C98B319}.Release|Win32.ActiveCfg = Release|Win32
		{78216A70-44B3-452D-8666-0F566C98B319}.Release|Win32.Build.0 = Release|Win32
		{78216A70-44B3-452D-8666-0F566C98B319}.MinSizeRel|Win32.ActiveCfg = MinSizeRel|Win32
		{78216A70-44B3-452D-8666-0F566C98B319}.MinSizeRel|Win32.Build.0 = MinSizeRel|Win32
		{78216A70-44B3-452D-8666-0F566C98B319}.RelWithDebInfo|Win32.ActiveCfg = RelWithDebInfo|Win32
		{78216A70-44B3-452D-8666-0F566C98B319}.RelWithDebInfo|Win32.Build.0 = RelWithDebInfo|Win32
		{9DD466F9-C69F-49E8-A4A3-C05AE3AC001A}.Debug|Win32.ActiveCfg = Debug|Win32
		{9DD466F9-C69F-49E8-A4A3-C05AE3AC001A}.Debug|Win32.Build.0 = Debug|Win32
		{9DD466F9-C69F-49E8-A4A3-C05AE3AC001A}.Release|Win32.ActiveCfg = Release|Win32
		{9DD466F9-C69F-49E8-A4A3-C05AE3AC001A}.Release|Win32.Build.0 = Release|Win32
		{9DD466F9-C69F-49E8-A4A3-C05AE3AC001A}.MinSizeRel|Win32.ActiveCfg = MinSizeRel|Win32
		{9DD466F9-C69F-49E8-A4A3-C05AE3AC001A}.MinSizeRel|Win32.Build.0 = MinSizeRel|Win32
		{9DD466F9-C69F-49E8-A4A3-C05AE3AC001A}.RelWithDebInfo|Win32.ActiveCfg = RelWithDebInfo|Win32
		{9DD466F9-C69F-49E8-A4A3-C05AE3AC001A}.RelWithDebInfo|Win32.Build.0 = RelWithDebInfo|Win32
		{C6EFDCAE-D1F6-4672-BE7D-339703DC2A6A}.Debug|Win32.ActiveCfg = Debug|Win32
		{C6EFDCAE-D1F6-4672-BE7D-339703DC2A6A}.Release|Win32.ActiveCfg = Release|Win32
		{C6EFDCAE-D1F6-4672-BE7D-339703DC2A6A}.MinSizeRel|Win32.ActiveCfg = MinSizeRel|Win32
		{C6EFDCAE-D1F6-4672-BE7D-339703DC2A6A}.RelWithDebInfo|Win32.ActiveCfg = RelWithDebInfo|Win32
		{1319F757-0406-48A4-B431-C999253D5AFB}.Debug|Win32.ActiveCfg = Debug|Win32
		{1319F757-0406-48A4-B431-C999253D5AFB}.Debug|Win32.Build.0 = Debug|Win32
		{1319F757-0406-48A4-B431-C999253D5AFB}.Release|Win32.ActiveCfg = Release|Win32
		{1319F757-0406-48A4-B431-C999253D5AFB}.Release|Win32.Build.0 = Release|Win32
		{1319F757-0406-48A4-B431-C999253D5AFB}.MinSizeRel|Win32.ActiveCfg = MinSizeRel|Win32
		{1319F757-0406-48A4-B431-C999253D5AFB}.MinSizeRel|Win32.Build.0 = MinSizeRel|Win32
		{1319F757-0406-48A4-B431-C999253D5AFB}.RelWithDebInfo|Win32.ActiveCfg = RelWithDebInfo|Win32
		{1319F757-0406-48A4-B431-C999253D5AFB}.RelWithDebInfo|Win32.Build.0 = RelWithDebInfo|Win32
		{6F2F312F-6CB7-42F2-980C-8D44F30C9C81}.Debug|Win32.ActiveCfg = Debug|Win32
		{6F2F312F-6CB7-42F2-980C-8D44F30C9C81}.Debug|Win32.Build.0 = Debug|Win32
		{6F2F312F-6CB7-42F2-980C-8D44F30C9C81}.Release|Win32.ActiveCfg = Release|Win32
		{6F2F312F-6CB7-42F2-980C-8D44F30C9C81}.Release|Win32.Build.0 = Release|Win32
		{6F2F312F-6CB7-42F2-980C-8D44F30C9C81}.MinSizeRel|Win32.ActiveCfg = MinSizeRel|Win32
		{6F2F312F-6CB7-42F2-980C-8D44F30C9C81}.MinSizeRel|Win32.Build.0 = MinSizeRel|Win32
		{6F2F312F-6CB7-42F2-980C-8D44F30C9C81}.RelWithDebInfo|Win32.ActiveCfg = RelWithDebInfo|Win32
		{6F2F312F-6CB7-42F2-980C-8D44F30C9C81}.RelWithDebInfo|Win32.Build.0 = RelWithDebInfo|Win32
		{4E21537F-3084-4453-8389-5439A8C98AEE}.Debug|Win32.ActiveCfg = Debug|Win32
		{4E21537F-3084-4453-8389-5439A8C98AEE}.Debug|Win32.Build.0 = Debug|Win32
		{4E21537F-3084-4453-8389-5439A8C98AEE}.Release|Win32.ActiveCfg = Release|Win32
		{4E21537F-3084-4453-8389-5439A8C98AEE}.Release|Win32.Build.0 = Release|Win32
		{4E21537F-3084-4453-8389-5439A8C98AEE}.MinSizeRel|Win32.ActiveCfg = MinSizeRel|Win32
		{4E21537F-3084-4453-8389-5439A8C98AEE}.MinSizeRel|Win32.Build.0 = MinSizeRel|Win32
		{4E21537F-3084-4453-8389-5439A8C98AEE}.RelWithDebInfo|Win32.ActiveCfg = RelWithDebInfo|Win32
		{4E21537F-3084-4453-8389-5439A8C98AEE}.RelWithDebInfo|Win32.Build.0 = RelWithDebInfo|Win32
		{2BF88A5B-2FBC-45F9-A498-972DC64947FF}.Debug|Win32.ActiveCfg = Debug|Win32
		{2BF88A5B-2FBC-45F9-A498-972DC64947FF}.Debug|Win32.Build.0 = Debug|Win32
		{2BF88A5B-2FBC-45F9-A498-972DC64947FF}.Release|Win32.ActiveCfg = Release|Win32
		{2BF88A5B-2FBC-45F9-A498-972DC64947FF}.Release|Win32.Build.0 = Release|Win32
		{2BF88A5B-2FBC-45F9-A498-972DC64947FF}.MinSizeRel|Win32.ActiveCfg = MinSizeRel|Win32
		{2BF88A5B-2FBC-45F9-A498-972DC64947FF}.MinSizeRel|Win32.Build.0 = MinSizeRel|Win32
		{2BF88A5B-2FBC-45F9-A498-972DC64947FF}.RelWithDebInfo|Win32.ActiveCfg = RelWithDebInfo|Win32
		{2BF88A5B-2FBC-45F9-A498-972DC64947FF}.RelWithDebInfo|Win32.Build.0 = RelWithDebInfo|Win32
		{E9CE17D2-3B98-4C19-BC5F-10B1F236E501}.Debug|Win32.ActiveCfg = Debug|Win32
		{E9CE17D2-3B98-4C19-BC5F-10B1F236E501}.Debug|Win32.Build.0 = Debug|Win32
		{E9CE17D2-3B98-4C19-BC5F-10B1F236E501}.Release|Win32.ActiveCfg = Release|Win32
		{E9CE17D2-3B98-4C19-BC5F-10B1F236E501}.Release|Win32.Build.0 = Release|Win32
		{E9CE17D2-3B98-4C19-BC5F-10B1F236E501}.MinSizeRel|Win32.ActiveCfg = MinSizeRel|Win32
		{E9CE17D2-3B98-4C19-BC5F-10B1F236E501}.MinSizeRel|Win32.Build.0 = MinSizeRel|Win32
		{E9CE17D2-3B98-4C19-BC5F-10B1F236E501}.RelWithDebInfo|Win32.ActiveCfg = RelWithDebInfo|Win32
		{E9CE17D2-3B98-4C19-BC5F-10B1F236E501}.RelWithDebInfo|Win32.Build.0 = RelWithDebInfo|Win32
		{70845653-E892-4690-9227-B4E06C3EC587}.Debug|Win32.ActiveCfg = Debug|Win32
		{70845653-E892-4690-9227-B4E06C3EC587}.Debug|Win32.Build.0 = Debug|Win32
		{70845653-E892-4690-9227-B4E06C3EC587}.Release|Win32.ActiveCfg = Release|Win32
		{70845653-E892-4690-9227-B4E06C3EC587}.Release|Win32.Build.0 = Release|Win32
		{70845653-E892-4690-9227-B4E06C3EC587}.MinSizeRel|Win32.ActiveCfg = MinSizeRel|Win32
		{70845653-E892-4690-9227-B4E06C3EC587}.MinSizeRel|Win32.Build.0 = MinSizeRel|Win32
		{70845653-E892-4690-9227-B4E06C3EC587}.RelWithDebInfo|Win32.ActiveCfg = RelWithDebInfo|Win32
		{70845653-E892-4690-9227-B4E06C3EC587}.RelWithDebInfo|Win32.Build.0 = RelWithDebInfo|Win32
		{C2CD793C-B489-490D-84EB-81FBC8868D61}.Debug|Win32.ActiveCfg = Debug|Win32
		{C2CD793C-B489-490D-84EB-81FBC8868D61}.Debug|Win32.Build.0 = Debug|Win32
		{C2CD793C-B489-490D-84EB-81FBC8868D61}.Release|Win32.ActiveCfg = Release|Win32
		{C2CD793C-B489-490D-84EB-81FBC8868D61}.Release|Win32.Build.0 = Release|Win32
		{C2CD793C-B489-490D-84EB-81FBC8868D61}.MinSizeRel|Win32.ActiveCfg = MinSizeRel|Win32
		{C2CD793C-B489-490D-84EB-81FBC8868D61}.MinSizeRel|Win32.Build.0 = MinSizeRel|Win32
		{C2CD793C-B489-490D-84EB-81FBC8868D61}.RelWithDebInfo|Win32.ActiveCfg = RelWithDebInfo|Win32
		{C2CD793C-B489-490D-84EB-81FBC8868D61}.RelWithDebInfo|Win32.Build.0 = RelWithDebInfo|Win32
		{15D82A21-15A4-4742-8432-000AB2C37E44}.Debug|Win32.ActiveCfg = Debug|Win32
		{15D82A21-15A4-4742-8432-000AB2C37E44}.Debug|Win32.Build.0 = Debug|Win32
		{15D82A21-15A4-4742-8432-000AB2C37E44}.Release|Win32.ActiveCfg = Release|Win32
		{15D82A21-15A4-4742-8432-000AB2C37E44}.Release|Win32.Build.0 = Release|Win32
		{15D82A21-15A4-4742-8432-000AB2C37E44}.MinSizeRel|Win32.ActiveCfg = MinSizeRel|Win32
		{15D82A21-15A4-4742-8432-000AB2C37E44}.MinSizeRel|Win32.Build.0 = MinSizeRel|Win32
		{15D82A21-15A4-4742-8432-000AB2C37E44}.RelWithDebInfo|Win32.ActiveCfg = RelWithDebInfo|Win32
		{15D82A21-15A4-4742-8432-000AB2C37E44}.RelWithDebInfo|Win32.Build.0 = RelWithDebInfo|Win32
		{B3A49555-291D-4DF4-B89D-742AAC077DF9}.Debug|Win32.ActiveCfg = Debug|Win32
		{B3A49555-291D-4DF4-B89D-742AAC077DF9}.Debug|Win32.Build.0 = Debug|Win32
		{B3A49555-291D-4DF4-B89D-742AAC077DF9}.Release|Win32.ActiveCfg = Release|Win32
		{B3A49555-291D-4DF4-B89D-742AAC077DF9}.Release|Win32.Build.0 = Release|Win32
		{B3A49555-291D-4DF4-B89D-742AAC077DF9}.MinSizeRel|Win32.ActiveCfg = MinSizeRel|Win32
		{B3A49555-291D-4DF4-B89D-742AAC077DF9}.MinSizeRel|Win32.Build.0 = MinSizeRel|Win32
		{B3A49555-291D-4DF4-B89D-742AAC077DF9}.RelWithDebInfo|Win32.ActiveCfg = RelWithDebInfo|Win32
		{B3A49555-291D-4DF4-B89D-742AAC077DF9}.RelWithDebInfo|Win32.Build.0 = RelWithDebInfo|Win32
		{8F2C0B7F-FFA4-4AF0-9B67-7AD806DC5C7F}.Debug|Win32.ActiveCfg = Debug|Win32
		{8F2C0B7F-FFA4-4AF0-9B67-7AD806DC5C7F}.Debug|Win32.Build.0 = Debug|Win32
		{8F2C0B7F-FFA4-4AF0-9B67-7AD806DC5C7F}.Release|Win32.ActiveCfg = Release|Win32
		{8F2C0B7F-FFA4-4AF0-9B67-7AD806DC5C7F}.Release|Win32.Build.0 = Release|Win32
		{8F2C0B7F-FFA4-4AF0-9B67-7AD806DC5C7F}.MinSizeRel|Win32.ActiveCfg = MinSizeRel|Win32
		{8F2C0B7F-FFA4-4AF0-9B67-7AD806DC5C7F}.MinSizeRel|Win32.Build.0 = MinSizeRel|Win32
		{8F2C0B7F-FFA4-4AF0-9B67-7AD806DC5C7F}.RelWithDebInfo|Win32.ActiveCfg = RelWithDebInfo|Win32
		{8F2C0B7F-FFA4-4AF0-9B67-7AD806DC5C7F}.RelWithDebInfo|Win32.Build.0 = RelWithDebInfo|Win32
		{DAAD0F65-1079-4A94-A0E3-8D40A671BA12}.Debug|Win32.ActiveCfg = Debug|Win32
		{DAAD0F65-1079-4A94-A0E3-8D40A671BA12}.Debug|Win32.Build.0 = Debug|Win32
		{DAAD0F65-1079-4A94-A0E3-8D40A671BA12}.Release|Win32.ActiveCfg = Release|Win32
		{DAAD0F65-1079-4A94-A0E3-8D40A671BA12}.Release|Win32.Build.0 = Release|Win32
		{DAAD0F65-1079-4A94-A0E3-8D40A671BA12}.MinSizeRel|Win32.ActiveCfg = MinSizeRel|Win32
		{DAAD0F65-1079-4A94-A0E3-8D40A671BA12}.MinSizeRel|Win32.Build.0 = MinSizeRel|Win32
		{DAAD0F65-1079-4A94-A0E3-8D40A671BA12}.RelWithDebInfo|Win32.ActiveCfg = RelWithDebInfo|Win32
		{DAAD0F65-1079-4A94-A0E3-8D40A671BA12}.RelWithDebInfo|Win32.Build.0 = RelWithDebInfo|Win32
		{EC0B8F20-7357-4966-9353-82DBC107CEE4}.Debug|Win32.ActiveCfg = Debug|Win32
		{EC0B8F20-7357-4966-9353-82DBC107CEE4}.Debug|Win32.Build.0 = Debug|Win32
		{EC0B8F20-7357-4966-9353-82DBC107CEE4}.Release|Win32.ActiveCfg = Release|Win32
		{EC0B8F20-7357-4966-9353-82DBC107CEE4}.Release|Win32.Build.0 = Release|Win32
		{EC0B8F20-7357-4966-9353-82DBC107CEE4}.MinSizeRel|Win32.ActiveCfg = MinSizeRel|Win32
		{EC0B8F20-7357-4966-9353-82DBC107CEE4}.MinSizeRel|Win32.Build.0 = MinSizeRel|Win32
		{EC0B8F20-7357-4966-9353-82DBC107CEE4}.RelWithDebInfo|Win32.ActiveCfg = RelWithDebInfo|Win32
		{EC0B8F20-7357-4966-9353-82DBC107CEE4}.RelWithDebInfo|Win32.Build.0 = RelWithDebInfo|Win32
		{94E5CF28-3B95-4C18-B959-3677BB44C200}.Debug|Win32.ActiveCfg = Debug|Win32
		{94E5CF28-3B95-4C18-B959-3677BB44C200}.Debug|Win32.Build.0 = Debug|Win32
		{94E5CF28-3B95-4C18-B959-3677BB44C200}.Release|Win32.ActiveCfg = Release|Win32
		{94E5CF28-3B95-4C18-B959-3677BB44C200}.Release|Win32.Build.0 = Release|Win32
		{94E5CF28-3B95-4C18-B959-3677BB44C200}.MinSizeRel|Win32.ActiveCfg = MinSizeRel|Win32
		{94E5CF28-3B95-4C18-B959-3677BB44C200}.MinSizeRel|Win32.Build.0 = MinSizeRel|Win32
		{94E5CF28-3B95-4C18-B959-3677BB44C200}.RelWithDebInfo|Win32.ActiveCfg = RelWithDebInfo|Win32
		{94E5CF28-3B95-4C18-B959-3677BB44C200}.RelWithDebInfo|Win32.Build.0 = RelWithDebInfo|Win32
		{6E2E9398-4A44-49F7-93CE-18217CCE8DFB}.Debug|Win32.ActiveCfg = Debug|Win32
		{6E2E9398-4A44-49F7-93CE-18217CCE8DFB}.Debug|Win32.Build.0 = Debug|Win32
		{6E2E9398-4A44-49F7-93CE-18217CCE8DFB}.Release|Win32.ActiveCfg = Release|Win32
		{6E2E9398-4A44-49F7-93CE-18217CCE8DFB}.Release|Win32.Build.0 = Release|Win32
		{6E2E9398-4A44-49F7-93CE-18217CCE8DFB}.MinSizeRel|Win32.ActiveCfg = MinSizeRel|Win32
		{6E2E9398-4A44-49F7-93CE-18217CCE8DFB}.MinSizeRel|Win32.Build.0 = MinSizeRel|Win32
		{6E2E9398-4A44-49F7-93CE-18217CCE8DFB}.RelWithDebInfo|Win32.ActiveCfg = RelWithDebInfo|Win32
		{6E2E9398-4A44-49F7-93CE-18217CCE8DFB}.RelWithDebInfo|Win32.Build.0 = RelWithDebInfo|Win32
		{85970D9F-3EF6-4C90-AA5E-6BDFA4DAC14D}.Debug|Win32.ActiveCfg = Debug|Win32
		{85970D9F-3EF6-4C90-AA5E-6BDFA4DAC14D}.Debug|Win32.Build.0 = Debug|Win32
		{85970D9F-3EF6-4C90-AA5E-6BDFA4DAC14D}.Release|Win32.ActiveCfg = Release|Win32
		{85970D9F-3EF6-4C90-AA5E-6BDFA4DAC14D}.Release|Win32.Build.0 = Release|Win32
		{85970D9F-3EF6-4C90-AA5E-6BDFA4DAC14D}.MinSizeRel|Win32.ActiveCfg = MinSizeRel|Win32
		{85970D9F-3EF6-4C90-AA5E-6BDFA4DAC14D}.MinSizeRel|Win32.Build.0 = MinSizeRel|Win32
		{85970D9F-3EF6-4C90-AA5E-6BDFA4DAC14D}.RelWithDebInfo|Win32.ActiveCfg = RelWithDebInfo|Win32
		{85970D9F-3EF6-4C90-AA5E-6BDFA4DAC14D}.RelWithDebInfo|Win32.Build.0 = RelWithDebInfo|Win32
		{B965FD51-4A6B-4596-AA48-A1EE9AAC9E82}.Debug|Win32.ActiveCfg = Debug|Win32
		{B965FD51-4A6B-4596-AA48-A1EE9AAC9E82}.Debug|Win32.Build.0 = Debug|Win32
		{B965FD51-4A6B-4596-AA48-A1EE9AAC9E82}.Release|Win32.ActiveCfg = Release|Win32
		{B965FD51-4A6B-4596-AA48-A1EE9AAC9E82}.Release|Win32.Build.0 = Release|Win32
		{B965FD51-4A6B-4596-AA48-A1EE9AAC9E82}.MinSizeRel|Win32.ActiveCfg = MinSizeRel|Win32
		{B965FD51-4A6B-4596-AA48-A1EE9AAC9E82}.MinSizeRel|Win32.Build.0 = MinSizeRel|Win32
		{B965FD51-4A6B-4596-AA48-A1EE9AAC9E82}.RelWithDebInfo|Win32.ActiveCfg = RelWithDebInfo|Win32
		{B965FD51-4A6B-4596-AA48-A1EE9AAC9E82}.RelWithDebInfo|Win32.Build.0 = RelWithDebInfo|Win32
		{3FA4452E-5FC9-4997-AC73-143ECA58C61A}.Debug|Win32.ActiveCfg = Debug|Win32
		{3FA4452E-5FC9-4997-AC73-143ECA58C61A}.Debug|Win32.Build.0 = Debug|Win32
		{3FA4452E-5FC9-4997-AC73-143ECA58C61A}.Release|Win32.ActiveCfg = Release|Win32
		{3FA4452E-5FC9-4997-AC73-143ECA58C61A}.Release|Win32.Build.0 = Release|Win32
		{3FA4452E-5FC9-4997-AC73-143ECA58C61A}.MinSizeRel|Win32.ActiveCfg = MinSizeRel|Win32
		{3FA4452E-5FC9-4997-AC73-143ECA58C61A}.MinSizeRel|Win32.Build.0 = MinSizeRel|Win32
		{3FA4452E-5FC9-4997-AC73-143ECA58C61A}.RelWithDebInfo|Win32.ActiveCfg = RelWithDebInfo|Win32
		{3FA4452E-5FC9-4997-AC73-143ECA58C61A}.RelWithDebInfo|Win32.Build.0 = RelWithDebInfo|Win32
		{D3FA5787-88B5-4DBE-91C6-7A529EEB3B1F}.Debug|Win32.ActiveCfg = Debug|Win32
		{D3FA5787-88B5-4DBE-91C6-7A529EEB3B1F}.Debug|Win32.Build.0 = Debug|Win32
		{D3FA5787-88B5-4DBE-91C6-7A529EEB3B1F}.Release|Win32.ActiveCfg = Release|Win32
		{D3FA5787-88B5-4DBE-91C6-7A529EEB3B1F}.Release|Win32.Build.0 = Release|Win32
		{D3FA5787-88B5-4DBE-91C6-7A529EEB3B1F}.MinSizeRel|Win32.ActiveCfg = MinSizeRel|Win32
		{D3FA5787-88B5-4DBE-91C6-7A529EEB3B1F}.MinSizeRel|Win32.Build.0 = MinSizeRel|Win32
		{D3FA5787-88B5-4DBE-91C6-7A529EEB3B1F}.RelWithDebInfo|Win32.ActiveCfg = RelWithDebInfo|Win32
		{D3FA5787-88B5-4DBE-91C6-7A529EEB3B1F}.RelWithDebInfo|Win32.Build.0 = RelWithDebInfo|Win32
		{4C5B2765-F560-408A-BECD-61A69609F050}.Debug|Win32.ActiveCfg = Debug|Win32
		{4C5B2765-F560-408A-BECD-61A69609F050}.Debug|Win32.Build.0 = Debug|Win32
		{4C5B2765-F560-408A-BECD-61A69609F050}.Release|Win32.ActiveCfg = Release|Win32
		{4C5B2765-F560-408A-BECD-61A69609F050}.Release|Win32.Build.0 = Release|Win32
		{4C5B2765-F560-408A-BECD-61A69609F050}.MinSizeRel|Win32.ActiveCfg = MinSizeRel|Win32
		{4C5B2765-F560-408A-BECD-61A69609F050}.MinSizeRel|Win32.Build.0 = MinSizeRel|Win32
		{4C5B2765-F560-408A-BECD-61A69609F050}.RelWithDebInfo|Win32.ActiveCfg = RelWithDebInfo|Win32
		{4C5B2765-F560-408A-BECD-61A69609F050}.RelWithDebInfo|Win32.Build.0 = RelWithDebInfo|Win32
	EndGlobalSection
	GlobalSection(ExtensibilityGlobals) = postSolution
	EndGlobalSection
	GlobalSection(ExtensibilityAddIns) = postSolution
	EndGlobalSection
EndGlobal
